
Microsoft Visual Studio Solution File, Format Version 12.00
# Visual Studio Version 16
VisualStudioVersion = 16.0.30413.136
MinimumVisualStudioVersion = 10.0.40219.1
Project("{FAE04EC0-301F-11D3-BF4B-00C04F79EFBC}") = "SimulatedDevice1", "SimulatedDevice1\SimulatedDevice1.csproj", "{F90D8878-5CAF-4D1C-AC67-1A72A5B7177B}"
EndProject
Global
	GlobalSection(SolutionConfigurationPlatforms) = preSolution
		Debug|Any CPU = Debug|Any CPU
		Release|Any CPU = Release|Any CPU
	EndGlobalSection
	GlobalSection(ProjectConfigurationPlatforms) = postSolution
		{F90D8878-5CAF-4D1C-AC67-1A72A5B7177B}.Debug|Any CPU.ActiveCfg = Debug|Any CPU
		{F90D8878-5CAF-4D1C-AC67-1A72A5B7177B}.Debug|Any CPU.Build.0 = Debug|Any CPU
		{F90D8878-5CAF-4D1C-AC67-1A72A5B7177B}.Release|Any CPU.ActiveCfg = Release|Any CPU
		{F90D8878-5CAF-4D1C-AC67-1A72A5B7177B}.Release|Any CPU.Build.0 = Release|Any CPU
	EndGlobalSection
	GlobalSection(SolutionProperties) = preSolution
		HideSolutionNode = FALSE
	EndGlobalSection
	GlobalSection(ExtensibilityGlobals) = postSolution
		SolutionGuid = {359D1EB2-DD4B-4CB4-9345-8209A3C3D839}
	EndGlobalSection
EndGlobal
